{
  "nodes": {
    "agenix": {
      "inputs": {
        "nixpkgs": [
          "nixpkgs"
        ]
      },
      "locked": {
        "lastModified": 1648942457,
        "narHash": "sha256-i29Z1t3sVfCNfpp+KAfeExvpqHQSbLO1KWylTtfradU=",
        "owner": "ryantm",
        "repo": "agenix",
        "rev": "0d5e59ed645e4c7b60174bc6f6aac6a203dc0b01",
        "type": "github"
      },
      "original": {
        "owner": "ryantm",
        "repo": "agenix",
        "type": "github"
      }
    },
    "flake-compat": {
      "flake": false,
      "locked": {
        "lastModified": 1650374568,
        "narHash": "sha256-Z+s0J8/r907g149rllvwhb4pKi8Wam5ij0st8PwAh+E=",
        "owner": "edolstra",
        "repo": "flake-compat",
        "rev": "b4a34015c698c7793d592d66adbab377907a2be8",
        "type": "github"
      },
      "original": {
        "owner": "edolstra",
        "repo": "flake-compat",
        "type": "github"
      }
    },
    "flake-utils": {
      "locked": {
        "lastModified": 1649676176,
        "narHash": "sha256-OWKJratjt2RW151VUlJPRALb7OU2S5s+f0vLj4o1bHM=",
        "owner": "numtide",
        "repo": "flake-utils",
        "rev": "a4b154ebbdc88c8498a5c7b01589addc9e9cb678",
        "type": "github"
      },
      "original": {
        "owner": "numtide",
        "repo": "flake-utils",
        "type": "github"
      }
    },
    "home-manager": {
      "inputs": {
        "nixpkgs": [
          "nixpkgs"
        ]
      },
      "locked": {
        "lastModified": 1650836336,
        "narHash": "sha256-W9NfDZVSBrmiURX3LUQOp6McJMEqpw6njC1/vtRLp+M=",
        "owner": "nix-community",
        "repo": "home-manager",
        "rev": "09f3e67950823d5abe192e474f1af51914f4cb9a",
        "type": "github"
      },
      "original": {
        "owner": "nix-community",
        "repo": "home-manager",
        "type": "github"
      }
    },
    "hydra": {
      "inputs": {
        "newNixpkgs": "newNixpkgs",
        "nix": "nix",
        "nixpkgs": [
          "nixpkgs"
        ]
      },
      "locked": {
        "lastModified": 1650377387,
        "narHash": "sha256-3fVFViUzr1Kv8+N38lblXA8S4hHrRcA9GaFH/NemKGM=",
        "owner": "NixOS",
        "repo": "hydra",
        "rev": "5c90edd19f1787141ae3d9751f567b4df11fc0fa",
        "type": "github"
      },
      "original": {
        "owner": "NixOS",
        "repo": "hydra",
        "type": "github"
      }
    },
    "lowdown-src": {
      "flake": false,
      "locked": {
        "lastModified": 1633514407,
        "narHash": "sha256-Dw32tiMjdK9t3ETl5fzGrutQTzh2rufgZV4A/BbxuD4=",
        "owner": "kristapsdz",
        "repo": "lowdown",
        "rev": "d2c2b44ff6c27b936ec27358a2653caaef8f73b8",
        "type": "github"
      },
      "original": {
        "owner": "kristapsdz",
        "repo": "lowdown",
        "type": "github"
      }
    },
    "newNixpkgs": {
      "locked": {
        "lastModified": 1647380550,
        "narHash": "sha256-909TI9poX7CIUiFx203WL29YON6m/I6k0ExbZvR7bLM=",
        "owner": "NixOS",
        "repo": "nixpkgs",
        "rev": "6e3ee8957637a60f5072e33d78e05c0f65c54366",
        "type": "github"
      },
      "original": {
        "owner": "NixOS",
        "ref": "nixos-unstable-small",
        "repo": "nixpkgs",
        "type": "github"
      }
    },
    "nix": {
      "inputs": {
        "lowdown-src": "lowdown-src",
        "nixpkgs": "nixpkgs",
        "nixpkgs-regression": "nixpkgs-regression"
      },
      "locked": {
        "lastModified": 1649172203,
        "narHash": "sha256-Q3nYaXqbseDOvZrlePKeIrx0/KzqyrtNpxHIUbtFHuI=",
        "owner": "NixOS",
        "repo": "nix",
        "rev": "5fe4fe823c193cbb7bfa05a468de91eeab09058d",
        "type": "github"
      },
      "original": {
        "id": "nix",
        "type": "indirect"
      }
    },
    "nixpkgs": {
      "locked": {
        "lastModified": 1645296114,
        "narHash": "sha256-y53N7TyIkXsjMpOG7RhvqJFGDacLs9HlyHeSTBioqYU=",
        "owner": "NixOS",
        "repo": "nixpkgs",
        "rev": "530a53dcbc9437363471167a5e4762c5fcfa34a1",
        "type": "github"
      },
      "original": {
        "id": "nixpkgs",
        "ref": "nixos-21.05-small",
        "type": "indirect"
      }
    },
    "nixpkgs-regression": {
      "locked": {
        "lastModified": 1643052045,
        "narHash": "sha256-uGJ0VXIhWKGXxkeNnq4TvV3CIOkUJ3PAoLZ3HMzNVMw=",
        "owner": "NixOS",
        "repo": "nixpkgs",
        "rev": "215d4d0fd80ca5163643b03a33fde804a29cc1e2",
        "type": "github"
      },
      "original": {
        "id": "nixpkgs",
        "rev": "215d4d0fd80ca5163643b03a33fde804a29cc1e2",
        "type": "indirect"
      }
    },
    "nixpkgs_2": {
      "locked": {
        "lastModified": 1650831523,
        "narHash": "sha256-6pDZ08SAXsUx5rOP391x+TG39ENP/XA8VMa1tQvgEjc=",
        "owner": "nixos",
        "repo": "nixpkgs",
        "rev": "87d34a6b8982e901b8e50096b8e79ebc0e66cda0",
        "type": "github"
      },
      "original": {
        "owner": "nixos",
        "ref": "nixos-unstable",
        "repo": "nixpkgs",
        "type": "github"
      }
    },
    "root": {
      "inputs": {
        "agenix": "agenix",
        "flake-compat": "flake-compat",
        "flake-utils": "flake-utils",
        "home-manager": "home-manager",
        "hydra": "hydra",
        "nixpkgs": "nixpkgs_2"
      }
    }
  },
  "root": "root",
  "version": 7
}
